// !$*UTF8*$!
{
    archiveVersion = 1;
    classes = {};
    objectVersion = 56;
    objects = {
        A00000000000000000000001 = {isa = PBXProject; buildConfigurationList = A00000000000000000000002; compatibilityVersion = "Xcode 14.0"; developmentRegion = en; hasScannedForEncodings = 0; knownRegions = (en, Base); mainGroup = A00000000000000000000003; productRefGroup = A00000000000000000000004; projectDirPath = ""; projectRoot = ""; targets = (A00000000000000000000005); };
        A00000000000000000000002 = {isa = XCConfigurationList; buildConfigurations = (A00000000000000000000006); defaultConfigurationIsVisible = 0; defaultConfigurationName = Debug; };
        A00000000000000000000003 = {isa = PBXGroup; children = (A00000000000000000000007, A00000000000000000000004); sourceTree = "<group>"; };
        A00000000000000000000004 = {isa = PBXGroup; children = (A00000000000000000000008); name = Products; sourceTree = "<group>"; };
        A00000000000000000000005 = {isa = PBXNativeTarget; buildConfigurationList = A00000000000000000000009; buildPhases = (A00000000000000000000010); buildRules = (); dependencies = (); name = SelectionTests; productName = SelectionTests; productReference = A00000000000000000000008; productType = "com.apple.product-type.bundle.ui-testing"; };
        A00000000000000000000006 = {isa = XCBuildConfiguration; buildSettings = {SDKROOT = iphonesimulator; IPHONEOS_DEPLOYMENT_TARGET = 18.0; ALWAYS_SEARCH_USER_PATHS = NO; }; name = Debug; };
        A00000000000000000000007 = {isa = PBXFileReference; lastKnownFileType = sourcecode.swift; path = SelectionTests.swift; sourceTree = "<group>"; };
        A00000000000000000000008 = {isa = PBXFileReference; explicitFileType = wrapper.cfbundle; includeInIndex = 0; path = SelectionTests.xctest; sourceTree = BUILT_PRODUCTS_DIR; };
        A00000000000000000000009 = {isa = XCConfigurationList; buildConfigurations = (A00000000000000000000011); defaultConfigurationIsVisible = 0; defaultConfigurationName = Debug; };
        A00000000000000000000010 = {isa = PBXSourcesBuildPhase; buildActionMask = 2147483647; files = (A00000000000000000000012); runOnlyForDeploymentPostprocessing = 0; };
        A00000000000000000000011 = {isa = XCBuildConfiguration; buildSettings = {PRODUCT_BUNDLE_IDENTIFIER = "local.siyuan.selectiontests"; PRODUCT_NAME = "$(TARGET_NAME)"; SWIFT_VERSION = 5.0; GENERATE_INFOPLIST_FILE = YES; CODE_SIGNING_ALLOWED = NO; TARGETED_DEVICE_FAMILY = "1,2"; }; name = Debug; };
        A00000000000000000000012 = {isa = PBXBuildFile; fileRef = A00000000000000000000007; };
    };
    rootObject = A00000000000000000000001;
}
